{
  "name": "contextual-orchestrator-834.ephhEj",
  "lockfileVersion": 3,
  "requires": true,
  "packages": {
    "": {
      "dependencies": {
        "opencode-ai": "1.18.22"
      }
    },
    "node_modules/opencode-ai": {
      "version": "1.18.22",
      "resolved": "https://registry.npmjs.org/opencode-ai/-/opencode-ai-1.18.22.tgz",
      "integrity": "sha512-cSIGgB6tX3P+8k4X2ZzuJ9ojClfo01ou0ck2ocRDNXLfhVJy4XVLk/WCsK/m+Venbz3p2qCNxpAFNb47Gj4tLQ==",
      "cpu": [
        "arm64",
        "x64"
      ],
      "hasInstallScript": true,
      "license": "MIT",
      "os": [
        "darwin",
        "linux",
        "win32"
      ],
      "bin": {
        "opencode": "bin/opencode.exe"
      },
      "optionalDependencies": {
        "opencode-darwin-arm64": "1.18.22",
        "opencode-darwin-x64": "1.18.22",
        "opencode-darwin-x64-baseline": "1.18.22",
        "opencode-linux-arm64": "1.18.22",
        "opencode-linux-arm64-musl": "1.18.22",
        "opencode-linux-x64": "1.18.22",
        "opencode-linux-x64-baseline": "1.18.22",
        "opencode-linux-x64-baseline-musl": "1.18.22",
        "opencode-linux-x64-musl": "1.18.22",
        "opencode-windows-arm64": "1.18.22",
        "opencode-windows-x64": "1.18.22",
        "opencode-windows-x64-baseline": "1.18.22"
      }
    },
    "node_modules/opencode-darwin-arm64": {
      "version": "1.18.22",
      "resolved": "https://registry.npmjs.org/opencode-darwin-arm64/-/opencode-darwin-arm64-1.18.22.tgz",
      "integrity": "sha512-fLqcO85WofzjnEw4FuuC4dUk09F9Ebj8iP26QhM00k1sum2ND7lYhTVfkgYDZweXgaMiceyPFjgxoOLFA/sfBQ==",
      "cpu": [
        "arm64"
      ],
      "optional": true,
      "os": [
        "darwin"
      ]
    },
    "node_modules/opencode-darwin-x64": {
      "version": "1.18.22",
      "resolved": "https://registry.npmjs.org/opencode-darwin-x64/-/opencode-darwin-x64-1.18.22.tgz",
      "integrity": "sha512-FTbkagn7rLv5yXsdYs1LrBzkf8zsVoyvB6JnjONQ88UtmHcJmcymzZlbmM46RdG5ap8x50zDt+v7mieL3+57NA==",
      "cpu": [
        "x64"
      ],
      "optional": true,
      "os": [
        "darwin"
      ]
    },
    "node_modules/opencode-darwin-x64-baseline": {
      "version": "1.18.22",
      "resolved": "https://registry.npmjs.org/opencode-darwin-x64-baseline/-/opencode-darwin-x64-baseline-1.18.22.tgz",
      "integrity": "sha512-OuAaZdn55iz44YufSy5jzq4BtYESHImzcYj9nyS5ePYP3J57DoB/QE5RynQNGJXkpN/7enYlhvhuGiGlLWfPaA==",
      "cpu": [
        "x64"
      ],
      "optional": true,
      "os": [
        "darwin"
      ]
    },
    "node_modules/opencode-linux-arm64": {
      "version": "1.18.22",
      "resolved": "https://registry.npmjs.org/opencode-linux-arm64/-/opencode-linux-arm64-1.18.22.tgz",
      "integrity": "sha512-eYKPWDlGhIIxtUdRZMlp73UGbk6snBYAmemYvPcvg2OCs4nanvpRPPZGPfUUDShsgwUBUpWt+i2GOGTJBTVYdg==",
      "cpu": [
        "arm64"
      ],
      "optional": true,
      "os": [
        "linux"
      ]
    },
    "node_modules/opencode-linux-arm64-musl": {
      "version": "1.18.22",
      "resolved": "https://registry.npmjs.org/opencode-linux-arm64-musl/-/opencode-linux-arm64-musl-1.18.22.tgz",
      "integrity": "sha512-jwayT6RPEFjahMQPg/xaoTwFdAKmfZeeE7pk5GcftHrBALdNfnVulOnYEFgsPCeIReHlT9eqdKLMPXMsP6YQpw==",
      "cpu": [
        "arm64"
      ],
      "libc": [
        "musl"
      ],
      "optional": true,
      "os": [
        "linux"
      ]
    },
    "node_modules/opencode-linux-x64": {
      "version": "1.18.22",
      "resolved": "https://registry.npmjs.org/opencode-linux-x64/-/opencode-linux-x64-1.18.22.tgz",
      "integrity": "sha512-TFjSVEgEaT0G4bda6x3T/yBjI3tu0o7N6TSBkFZbMeFlTCR6FYvS4QUkPbS9uZlR6PSi/KvyJau83s80PFNIGA==",
      "cpu": [
        "x64"
      ],
      "optional": true,
      "os": [
        "linux"
      ]
    },
    "node_modules/opencode-linux-x64-baseline": {
      "version": "1.18.22",
      "resolved": "https://registry.npmjs.org/opencode-linux-x64-baseline/-/opencode-linux-x64-baseline-1.18.22.tgz",
      "integrity": "sha512-gceBJKo7JvrqNPWnGM3SrbZcsNMZtzAWx3ONrWWwYi4cQ7hInaSzxc5E2G+qPY5vfp64ojedp+RtvZ1DzIVp5g==",
      "cpu": [
        "x64"
      ],
      "optional": true,
      "os": [
        "linux"
      ]
    },
    "node_modules/opencode-linux-x64-baseline-musl": {
      "version": "1.18.22",
      "resolved": "https://registry.npmjs.org/opencode-linux-x64-baseline-musl/-/opencode-linux-x64-baseline-musl-1.18.22.tgz",
      "integrity": "sha512-Mfqi3gAJFzt/1Qc9/j7uYaEmW8Fc3ppPcz4F5USX15c4ShMhfAO4X84CM9zdYUiZV8mFaxwxPq3l6mpxoG8O7g==",
      "cpu": [
        "x64"
      ],
      "libc": [
        "musl"
      ],
      "optional": true,
      "os": [
        "linux"
      ]
    },
    "node_modules/opencode-linux-x64-musl": {
      "version": "1.18.22",
      "resolved": "https://registry.npmjs.org/opencode-linux-x64-musl/-/opencode-linux-x64-musl-1.18.22.tgz",
      "integrity": "sha512-2ZkR8xsapxYEGxhDqxta/vhcaLsT0oB2U3P7tzznVvG/TX/IlhrAb8LuM2dc98uUaUxlWtG1yiyIclsb781mpg==",
      "cpu": [
        "x64"
      ],
      "libc": [
        "musl"
      ],
      "optional": true,
      "os": [
        "linux"
      ]
    },
    "node_modules/opencode-windows-arm64": {
      "version": "1.18.22",
      "resolved": "https://registry.npmjs.org/opencode-windows-arm64/-/opencode-windows-arm64-1.18.22.tgz",
      "integrity": "sha512-7319aUnoV3U3n2GZqmdJ0HwrcrM/NMmxEtVJb/Ivm3B0PEoXMCNn/F8+GPVUnq6Ec8XY+24kqfRt8YOoMT4xlQ==",
      "cpu": [
        "arm64"
      ],
      "optional": true,
      "os": [
        "win32"
      ]
    },
    "node_modules/opencode-windows-x64": {
      "version": "1.18.22",
      "resolved": "https://registry.npmjs.org/opencode-windows-x64/-/opencode-windows-x64-1.18.22.tgz",
      "integrity": "sha512-7mf1furLXOosiLjNCtnmZO3Qsw9rsmniYP/SQwbrVK+N/RmgnWCBk8NIVlLYKPNhgzhF1MMtSfmeFDTpvSnHbw==",
      "cpu": [
        "x64"
      ],
      "optional": true,
      "os": [
        "win32"
      ]
    },
    "node_modules/opencode-windows-x64-baseline": {
      "version": "1.18.22",
      "resolved": "https://registry.npmjs.org/opencode-windows-x64-baseline/-/opencode-windows-x64-baseline-1.18.22.tgz",
      "integrity": "sha512-xtmRw530O8o+rat8d6p1KPQWK63WjFjPzFZ8ZJvEoUaEnaQC1xpFMr+Tc8CN9Cr/Mjx/fZcO/vQ8BiIZCUmgBQ==",
      "cpu": [
        "x64"
      ],
      "optional": true,
      "os": [
        "win32"
      ]
    }
  }
}
